
Microsoft Visual Studio Solution File, Format Version 12.00
# Visual Studio Version 17
VisualStudioVersion = 17.6.33829.357
MinimumVisualStudioVersion = 10.0.40219.1
Project("{9A19103F-16F7-4668-BE54-9A1E7A4F7556}") = "mpp-reader-lambda", "mpp-reader-lambda\mpp-reader-lambda.csproj", "{0CE37DEE-8884-4A89-A7A6-90A72B26AD7E}"
EndProject
Global
	GlobalSection(SolutionConfigurationPlatforms) = preSolution
		Debug|Any CPU = Debug|Any CPU
		Release|Any CPU = Release|Any CPU
	EndGlobalSection
	GlobalSection(ProjectConfigurationPlatforms) = postSolution
		{0CE37DEE-8884-4A89-A7A6-90A72B26AD7E}.Debug|Any CPU.ActiveCfg = Debug|Any CPU
		{0CE37DEE-8884-4A89-A7A6-90A72B26AD7E}.Debug|Any CPU.Build.0 = Debug|Any CPU
		{0CE37DEE-8884-4A89-A7A6-90A72B26AD7E}.Release|Any CPU.ActiveCfg = Release|Any CPU
		{0CE37DEE-8884-4A89-A7A6-90A72B26AD7E}.Release|Any CPU.Build.0 = Release|Any CPU
	EndGlobalSection
	GlobalSection(SolutionProperties) = preSolution
		HideSolutionNode = FALSE
	EndGlobalSection
	GlobalSection(ExtensibilityGlobals) = postSolution
		SolutionGuid = {5C5C083D-57FD-474C-8B55-658D9F975999}
	EndGlobalSection
EndGlobal
